
Microsoft Visual Studio Solution File, Format Version 12.00
# Visual Studio Version 17
VisualStudioVersion = 17.7.34024.191
MinimumVisualStudioVersion = 10.0.40219.1
Project("{FAE04EC0-301F-11D3-BF4B-00C04F79EFBC}") = "Barbod Kingdergarten", "Barbod Kingdergarten\Barbod Kingdergarten.csproj", "{4CABAD5F-53D3-472D-8169-3CF0C7FEC4A8}"
EndProject
Global
	GlobalSection(SolutionConfigurationPlatforms) = preSolution
		Debug|Any CPU = Debug|Any CPU
		Release|Any CPU = Release|Any CPU
	EndGlobalSection
	GlobalSection(ProjectConfigurationPlatforms) = postSolution
		{4CABAD5F-53D3-472D-8169-3CF0C7FEC4A8}.Debug|Any CPU.ActiveCfg = Debug|Any CPU
		{4CABAD5F-53D3-472D-8169-3CF0C7FEC4A8}.Debug|Any CPU.Build.0 = Debug|Any CPU
		{4CABAD5F-53D3-472D-8169-3CF0C7FEC4A8}.Release|Any CPU.ActiveCfg = Release|Any CPU
		{4CABAD5F-53D3-472D-8169-3CF0C7FEC4A8}.Release|Any CPU.Build.0 = Release|Any CPU
	EndGlobalSection
	GlobalSection(SolutionProperties) = preSolution
		HideSolutionNode = FALSE
	EndGlobalSection
	GlobalSection(ExtensibilityGlobals) = postSolution
		SolutionGuid = {58121A6E-414C-48F2-815F-490CEE1AEB9A}
	EndGlobalSection
EndGlobal
